
Microsoft Visual Studio Solution File, Format Version 12.00
# Visual Studio Version 16
VisualStudioVersion = 16.0.30330.147
MinimumVisualStudioVersion = 10.0.40219.1
Project("{FAE04EC0-301F-11D3-BF4B-00C04F79EFBC}") = "GithubConnectedCoreWebApp", "GithubConnectedCoreWebApp\GithubConnectedCoreWebApp.csproj", "{ABDF548E-C2EA-43BE-ACA6-E75F3767969E}"
EndProject
Global
	GlobalSection(SolutionConfigurationPlatforms) = preSolution
		Debug|Any CPU = Debug|Any CPU
		Release|Any CPU = Release|Any CPU
	EndGlobalSection
	GlobalSection(ProjectConfigurationPlatforms) = postSolution
		{ABDF548E-C2EA-43BE-ACA6-E75F3767969E}.Debug|Any CPU.ActiveCfg = Debug|Any CPU
		{ABDF548E-C2EA-43BE-ACA6-E75F3767969E}.Debug|Any CPU.Build.0 = Debug|Any CPU
		{ABDF548E-C2EA-43BE-ACA6-E75F3767969E}.Release|Any CPU.ActiveCfg = Release|Any CPU
		{ABDF548E-C2EA-43BE-ACA6-E75F3767969E}.Release|Any CPU.Build.0 = Release|Any CPU
	EndGlobalSection
	GlobalSection(SolutionProperties) = preSolution
		HideSolutionNode = FALSE
	EndGlobalSection
	GlobalSection(ExtensibilityGlobals) = postSolution
		SolutionGuid = {845869D0-7E53-45EC-ADB2-0FD29AD121D4}
	EndGlobalSection
EndGlobal
